// !$*UTF8*$!
{
	archiveVersion = 1;
	classes = {
	};
	objectVersion = 46;
	objects = {

/* Begin PBXBuildFile section */
		CC6E3AE71AABFC57001D6277 /* Foundation.framework in Frameworks */ = {isa = PBXBuildFile; fileRef = CC6E3AE61AABFC57001D6277 /* Foundation.framework */; };
		CC6E3AE91AABFC57001D6277 /* CoreGraphics.framework in Frameworks */ = {isa = PBXBuildFile; fileRef = CC6E3AE81AABFC57001D6277 /* CoreGraphics.framework */; };
		CC6E3AEB1AABFC57001D6277 /* UIKit.framework in Frameworks */ = {isa = PBXBuildFile; fileRef = CC6E3AEA1AABFC57001D6277 /* UIKit.framework */; };
		CC6E3AF11AABFC57001D6277 /* InfoPlist.strings in Resources */ = {isa = PBXBuildFile; fileRef = CC6E3AEF1AABFC57001D6277 /* InfoPlist.strings */; };
		CC6E3AF31AABFC57001D6277 /* main.m in Sources */ = {isa = PBXBuildFile; fileRef = CC6E3AF21AABFC57001D6277 /* main.m */; };
		CC6E3AF71AABFC57001D6277 /* QYAppDelegate.m in Sources */ = {isa = PBXBuildFile; fileRef = CC6E3AF61AABFC57001D6277 /* QYAppDelegate.m */; };
		CC6E3AFA1AABFC57001D6277 /* Main.storyboard in Resources */ = {isa = PBXBuildFile; fileRef = CC6E3AF81AABFC57001D6277 /* Main.storyboard */; };
		CC6E3AFD1AABFC57001D6277 /* QYViewController.m in Sources */ = {isa = PBXBuildFile; fileRef = CC6E3AFC1AABFC57001D6277 /* QYViewController.m */; };
		CC6E3AFF1AABFC57001D6277 /* Images.xcassets in Resources */ = {isa = PBXBuildFile; fileRef = CC6E3AFE1AABFC57001D6277 /* Images.xcassets */; };
		CC6E3B061AABFC57001D6277 /* XCTest.framework in Frameworks */ = {isa = PBXBuildFile; fileRef = CC6E3B051AABFC57001D6277 /* XCTest.framework */; };
		CC6E3B071AABFC57001D6277 /* Foundation.framework in Frameworks */ = {isa = PBXBuildFile; fileRef = CC6E3AE61AABFC57001D6277 /* Foundation.framework */; };
		CC6E3B081AABFC57001D6277 /* UIKit.framework in Frameworks */ = {isa = PBXBuildFile; fileRef = CC6E3AEA1AABFC57001D6277 /* UIKit.framework */; };
		CC6E3B101AABFC57001D6277 /* InfoPlist.strings in Resources */ = {isa = PBXBuildFile; fileRef = CC6E3B0E1AABFC57001D6277 /* InfoPlist.strings */; };
		CC6E3B121AABFC57001D6277 /* TouchDemoTests.m in Sources */ = {isa = PBXBuildFile; fileRef = CC6E3B111AABFC57001D6277 /* TouchDemoTests.m */; };
		CC6E3B1D1AABFD3A001D6277 /* QYViewA.m in Sources */ = {isa = PBXBuildFile; fileRef = CC6E3B1C1AABFD3A001D6277 /* QYViewA.m */; };
		CC6E3B201AABFD5E001D6277 /* QYViewB.m in Sources */ = {isa = PBXBuildFile; fileRef = CC6E3B1F1AABFD5E001D6277 /* QYViewB.m */; };
		CC6E3B231AABFD73001D6277 /* QYViewC.m in Sources */ = {isa = PBXBuildFile; fileRef = CC6E3B221AABFD73001D6277 /* QYViewC.m */; };
		CC6E3B261AABFD79001D6277 /* QYViewD.m in Sources */ = {isa = PBXBuildFile; fileRef = CC6E3B251AABFD79001D6277 /* QYViewD.m */; };
		CC6E3B291AABFD81001D6277 /* QYViewE.m in Sources */ = {isa = PBXBuildFile; fileRef = CC6E3B281AABFD81001D6277 /* QYViewE.m */; };
		CC6E3B2C1AABFED2001D6277 /* QYApplication.m in Sources */ = {isa = PBXBuildFile; fileRef = CC6E3B2B1AABFED2001D6277 /* QYApplication.m */; };
/* End PBXBuildFile section */

/* Begin PBXContainerItemProxy section */
		CC6E3B091AABFC57001D6277 /* PBXContainerItemProxy */ = {
			isa = PBXContainerItemProxy;
			containerPortal = CC6E3ADB1AABFC57001D6277 /* Project object */;
			proxyType = 1;
			remoteGlobalIDString = CC6E3AE21AABFC57001D6277;
			remoteInfo = TouchDemo;
		};
/* End PBXContainerItemProxy section */

/* Begin PBXFileReference section */
		CC6E3AE31AABFC57001D6277 /* TouchDemo.app */ = {isa = PBXFileReference; explicitFileType = wrapper.application; includeInIndex = 0; path = TouchDemo.app; sourceTree = BUILT_PRODUCTS_DIR; };
		CC6E3AE61AABFC57001D6277 /* Foundation.framework */ = {isa = PBXFileReference; lastKnownFileType = wrapper.framework; name = Foundation.framework; path = System/Library/Frameworks/Foundation.framework; sourceTree = SDKROOT; };
		CC6E3AE81AABFC57001D6277 /* CoreGraphics.framework */ = {isa = PBXFileReference; lastKnownFileType = wrapper.framework; name = CoreGraphics.framework; path = System/Library/Frameworks/CoreGraphics.framework; sourceTree = SDKROOT; };
		CC6E3AEA1AABFC57001D6277 /* UIKit.framework */ = {isa = PBXFileReference; lastKnownFileType = wrapper.framework; name = UIKit.framework; path = System/Library/Frameworks/UIKit.framework; sourceTree = SDKROOT; };
		CC6E3AEE1AABFC57001D6277 /* TouchDemo-Info.plist */ = {isa = PBXFileReference; lastKnownFileType = text.plist.xml; path = "TouchDemo-Info.plist"; sourceTree = "<group>"; };
		CC6E3AF01AABFC57001D6277 /* en */ = {isa = PBXFileReference; lastKnownFileType = text.plist.strings; name = en; path = en.lproj/InfoPlist.strings; sourceTree = "<group>"; };
		CC6E3AF21AABFC57001D6277 /* main.m */ = {isa = PBXFileReference; lastKnownFileType = sourcecode.c.objc; path = main.m; sourceTree = "<group>"; };
		CC6E3AF41AABFC57001D6277 /* TouchDemo-Prefix.pch */ = {isa = PBXFileReference; lastKnownFileType = sourcecode.c.h; path = "TouchDemo-Prefix.pch"; sourceTree = "<group>"; };
		CC6E3AF51AABFC57001D6277 /* QYAppDelegate.h */ = {isa = PBXFileReference; lastKnownFileType = sourcecode.c.h; path = QYAppDelegate.h; sourceTree = "<group>"; };
		CC6E3AF61AABFC57001D6277 /* QYAppDelegate.m */ = {isa = PBXFileReference; lastKnownFileType = sourcecode.c.objc; path = QYAppDelegate.m; sourceTree = "<group>"; };
		CC6E3AF91AABFC57001D6277 /* Base */ = {isa = PBXFileReference; lastKnownFileType = file.storyboard; name = Base; path = Base.lproj/Main.storyboard; sourceTree = "<group>"; };
		CC6E3AFB1AABFC57001D6277 /* QYViewController.h */ = {isa = PBXFileReference; lastKnownFileType = sourcecode.c.h; path = QYViewController.h; sourceTree = "<group>"; };
		CC6E3AFC1AABFC57001D6277 /* QYViewController.m */ = {isa = PBXFileReference; lastKnownFileType = sourcecode.c.objc; path = QYViewController.m; sourceTree = "<group>"; };
		CC6E3AFE1AABFC57001D6277 /* Images.xcassets */ = {isa = PBXFileReference; lastKnownFileType = folder.assetcatalog; path = Images.xcassets; sourceTree = "<group>"; };
		CC6E3B041AABFC57001D6277 /* TouchDemoTests.xctest */ = {isa = PBXFileReference; explicitFileType = wrapper.cfbundle; includeInIndex = 0; path = TouchDemoTests.xctest; sourceTree = BUILT_PRODUCTS_DIR; };
		CC6E3B051AABFC57001D6277 /* XCTest.framework */ = {isa = PBXFileReference; lastKnownFileType = wrapper.framework; name = XCTest.framework; path = Library/Frameworks/XCTest.framework; sourceTree = DEVELOPER_DIR; };
		CC6E3B0D1AABFC57001D6277 /* TouchDemoTests-Info.plist */ = {isa = PBXFileReference; lastKnownFileType = text.plist.xml; path = "TouchDemoTests-Info.plist"; sourceTree = "<group>"; };
		CC6E3B0F1AABFC57001D6277 /* en */ = {isa = PBXFileReference; lastKnownFileType = text.plist.strings; name = en; path = en.lproj/InfoPlist.strings; sourceTree = "<group>"; };
		CC6E3B111AABFC57001D6277 /* TouchDemoTests.m */ = {isa = PBXFileReference; lastKnownFileType = sourcecode.c.objc; path = TouchDemoTests.m; sourceTree = "<group>"; };
		CC6E3B1B1AABFD3A001D6277 /* QYViewA.h */ = {isa = PBXFileReference; fileEncoding = 4; lastKnownFileType = sourcecode.c.h; path = QYViewA.h; sourceTree = "<group>"; };
		CC6E3B1C1AABFD3A001D6277 /* QYViewA.m */ = {isa = PBXFileReference; fileEncoding = 4; lastKnownFileType = sourcecode.c.objc; path = QYViewA.m; sourceTree = "<group>"; };
		CC6E3B1E1AABFD5E001D6277 /* QYViewB.h */ = {isa = PBXFileReference; fileEncoding = 4; lastKnownFileType = sourcecode.c.h; path = QYViewB.h; sourceTree = "<group>"; };
		CC6E3B1F1AABFD5E001D6277 /* QYViewB.m */ = {isa = PBXFileReference; fileEncoding = 4; lastKnownFileType = sourcecode.c.objc; path = QYViewB.m; sourceTree = "<group>"; };
		CC6E3B211AABFD73001D6277 /* QYViewC.h */ = {isa = PBXFileReference; fileEncoding = 4; lastKnownFileType = sourcecode.c.h; path = QYViewC.h; sourceTree = "<group>"; };
		CC6E3B221AABFD73001D6277 /* QYViewC.m */ = {isa = PBXFileReference; fileEncoding = 4; lastKnownFileType = sourcecode.c.objc; path = QYViewC.m; sourceTree = "<group>"; };
		CC6E3B241AABFD79001D6277 /* QYViewD.h */ = {isa = PBXFileReference; fileEncoding = 4; lastKnownFileType = sourcecode.c.h; path = QYViewD.h; sourceTree = "<group>"; };
		CC6E3B251AABFD79001D6277 /* QYViewD.m */ = {isa = PBXFileReference; fileEncoding = 4; lastKnownFileType = sourcecode.c.objc; path = QYViewD.m; sourceTree = "<group>"; };
		CC6E3B271AABFD81001D6277 /* QYViewE.h */ = {isa = PBXFileReference; fileEncoding = 4; lastKnownFileType = sourcecode.c.h; path = QYViewE.h; sourceTree = "<group>"; };
		CC6E3B281AABFD81001D6277 /* QYViewE.m */ = {isa = PBXFileReference; fileEncoding = 4; lastKnownFileType = sourcecode.c.objc; path = QYViewE.m; sourceTree = "<group>"; };
		CC6E3B2A1AABFED2001D6277 /* QYApplication.h */ = {isa = PBXFileReference; fileEncoding = 4; lastKnownFileType = sourcecode.c.h; path = QYApplication.h; sourceTree = "<group>"; };
		CC6E3B2B1AABFED2001D6277 /* QYApplication.m */ = {isa = PBXFileReference; fileEncoding = 4; lastKnownFileType = sourcecode.c.objc; path = QYApplication.m; sourceTree = "<group>"; };
/* End PBXFileReference section */

/* Begin PBXFrameworksBuildPhase section */
		CC6E3AE01AABFC57001D6277 /* Frameworks */ = {
			isa = PBXFrameworksBuildPhase;
			buildActionMask = 2147483647;
			files = (
				CC6E3AE91AABFC57001D6277 /* CoreGraphics.framework in Frameworks */,
				CC6E3AEB1AABFC57001D6277 /* UIKit.framework in Frameworks */,
				CC6E3AE71AABFC57001D6277 /* Foundation.framework in Frameworks */,
			);
			runOnlyForDeploymentPostprocessing = 0;
		};
		CC6E3B011AABFC57001D6277 /* Frameworks */ = {
			isa = PBXFrameworksBuildPhase;
			buildActionMask = 2147483647;
			files = (
				CC6E3B061AABFC57001D6277 /* XCTest.framework in Frameworks */,
				CC6E3B081AABFC57001D6277 /* UIKit.framework in Frameworks */,
				CC6E3B071AABFC57001D6277 /* Foundation.framework in Frameworks */,
			);
			runOnlyForDeploymentPostprocessing = 0;
		};
/* End PBXFrameworksBuildPhase section */

/* Begin PBXGroup section */
		CC6E3ADA1AABFC57001D6277 = {
			isa = PBXGroup;
			children = (
				CC6E3AEC1AABFC57001D6277 /* TouchDemo */,
				CC6E3B0B1AABFC57001D6277 /* TouchDemoTests */,
				CC6E3AE51AABFC57001D6277 /* Frameworks */,
				CC6E3AE41AABFC57001D6277 /* Products */,
			);
			sourceTree = "<group>";
		};
		CC6E3AE41AABFC57001D6277 /* Products */ = {
			isa = PBXGroup;
			children = (
				CC6E3AE31AABFC57001D6277 /* TouchDemo.app */,
				CC6E3B041AABFC57001D6277 /* TouchDemoTests.xctest */,
			);
			name = Products;
			sourceTree = "<group>";
		};
		CC6E3AE51AABFC57001D6277 /* Frameworks */ = {
			isa = PBXGroup;
			children = (
				CC6E3AE61AABFC57001D6277 /* Foundation.framework */,
				CC6E3AE81AABFC57001D6277 /* CoreGraphics.framework */,
				CC6E3AEA1AABFC57001D6277 /* UIKit.framework */,
				CC6E3B051AABFC57001D6277 /* XCTest.framework */,
			);
			name = Frameworks;
			sourceTree = "<group>";
		};
		CC6E3AEC1AABFC57001D6277 /* TouchDemo */ = {
			isa = PBXGroup;
			children = (
				CC6E3AF51AABFC57001D6277 /* QYAppDelegate.h */,
				CC6E3AF61AABFC57001D6277 /* QYAppDelegate.m */,
				CC6E3B2A1AABFED2001D6277 /* QYApplication.h */,
				CC6E3B2B1AABFED2001D6277 /* QYApplication.m */,
				CC6E3AF81AABFC57001D6277 /* Main.storyboard */,
				CC6E3B1B1AABFD3A001D6277 /* QYViewA.h */,
				CC6E3B1C1AABFD3A001D6277 /* QYViewA.m */,
				CC6E3B1E1AABFD5E001D6277 /* QYViewB.h */,
				CC6E3B1F1AABFD5E001D6277 /* QYViewB.m */,
				CC6E3B211AABFD73001D6277 /* QYViewC.h */,
				CC6E3B221AABFD73001D6277 /* QYViewC.m */,
				CC6E3B241AABFD79001D6277 /* QYViewD.h */,
				CC6E3B251AABFD79001D6277 /* QYViewD.m */,
				CC6E3B271AABFD81001D6277 /* QYViewE.h */,
				CC6E3B281AABFD81001D6277 /* QYViewE.m */,
				CC6E3AFB1AABFC57001D6277 /* QYViewController.h */,
				CC6E3AFC1AABFC57001D6277 /* QYViewController.m */,
				CC6E3AFE1AABFC57001D6277 /* Images.xcassets */,
				CC6E3AED1AABFC57001D6277 /* Supporting Files */,
			);
			path = TouchDemo;
			sourceTree = "<group>";
		};
		CC6E3AED1AABFC57001D6277 /* Supporting Files */ = {
			isa = PBXGroup;
			children = (
				CC6E3AEE1AABFC57001D6277 /* TouchDemo-Info.plist */,
				CC6E3AEF1AABFC57001D6277 /* InfoPlist.strings */,
				CC6E3AF21AABFC57001D6277 /* main.m */,
				CC6E3AF41AABFC57001D6277 /* TouchDemo-Prefix.pch */,
			);
			name = "Supporting Files";
			sourceTree = "<group>";
		};
		CC6E3B0B1AABFC57001D6277 /* TouchDemoTests */ = {
			isa = PBXGroup;
			children = (
				CC6E3B111AABFC57001D6277 /* TouchDemoTests.m */,
				CC6E3B0C1AABFC57001D6277 /* Supporting Files */,
			);
			path = TouchDemoTests;
			sourceTree = "<group>";
		};
		CC6E3B0C1AABFC57001D6277 /* Supporting Files */ = {
			isa = PBXGroup;
			children = (
				CC6E3B0D1AABFC57001D6277 /* TouchDemoTests-Info.plist */,
				CC6E3B0E1AABFC57001D6277 /* InfoPlist.strings */,
			);
			name = "Supporting Files";
			sourceTree = "<group>";
		};
/* End PBXGroup section */

/* Begin PBXNativeTarget section */
		CC6E3AE21AABFC57001D6277 /* TouchDemo */ = {
			isa = PBXNativeTarget;
			buildConfigurationList = CC6E3B151AABFC57001D6277 /* Build configuration list for PBXNativeTarget "TouchDemo" */;
			buildPhases = (
				CC6E3ADF1AABFC57001D6277 /* Sources */,
				CC6E3AE01AABFC57001D6277 /* Frameworks */,
				CC6E3AE11AABFC57001D6277 /* Resources */,
			);
			buildRules = (
			);
			dependencies = (
			);
			name = TouchDemo;
			productName = TouchDemo;
			productReference = CC6E3AE31AABFC57001D6277 /* TouchDemo.app */;
			productType = "com.apple.product-type.application";
		};
		CC6E3B031AABFC57001D6277 /* TouchDemoTests */ = {
			isa = PBXNativeTarget;
			buildConfigurationList = CC6E3B181AABFC57001D6277 /* Build configuration list for PBXNativeTarget "TouchDemoTests" */;
			buildPhases = (
				CC6E3B001AABFC57001D6277 /* Sources */,
				CC6E3B011AABFC57001D6277 /* Frameworks */,
				CC6E3B021AABFC57001D6277 /* Resources */,
			);
			buildRules = (
			);
			dependencies = (
				CC6E3B0A1AABFC57001D6277 /* PBXTargetDependency */,
			);
			name = TouchDemoTests;
			productName = TouchDemoTests;
			productReference = CC6E3B041AABFC57001D6277 /* TouchDemoTests.xctest */;
			productType = "com.apple.product-type.bundle.unit-test";
		};
/* End PBXNativeTarget section */

/* Begin PBXProject section */
		CC6E3ADB1AABFC57001D6277 /* Project object */ = {
			isa = PBXProject;
			attributes = {
				CLASSPREFIX = QY;
				LastUpgradeCheck = 0510;
				ORGANIZATIONNAME = hnqingyun.com;
				TargetAttributes = {
					CC6E3B031AABFC57001D6277 = {
						TestTargetID = CC6E3AE21AABFC57001D6277;
					};
				};
			};
			buildConfigurationList = CC6E3ADE1AABFC57001D6277 /* Build configuration list for PBXProject "TouchDemo" */;
			compatibilityVersion = "Xcode 3.2";
			developmentRegion = English;
			hasScannedForEncodings = 0;
			knownRegions = (
				en,
				Base,
			);
			mainGroup = CC6E3ADA1AABFC57001D6277;
			productRefGroup = CC6E3AE41AABFC57001D6277 /* Products */;
			projectDirPath = "";
			projectRoot = "";
			targets = (
				CC6E3AE21AABFC57001D6277 /* TouchDemo */,
				CC6E3B031AABFC57001D6277 /* TouchDemoTests */,
			);
		};
/* End PBXProject section */

/* Begin PBXResourcesBuildPhase section */
		CC6E3AE11AABFC57001D6277 /* Resources */ = {
			isa = PBXResourcesBuildPhase;
			buildActionMask = 2147483647;
			files = (
				CC6E3AFF1AABFC57001D6277 /* Images.xcassets in Resources */,
				CC6E3AF11AABFC57001D6277 /* InfoPlist.strings in Resources */,
				CC6E3AFA1AABFC57001D6277 /* Main.storyboard in Resources */,
			);
			runOnlyForDeploymentPostprocessing = 0;
		};
		CC6E3B021AABFC57001D6277 /* Resources */ = {
			isa = PBXResourcesBuildPhase;
			buildActionMask = 2147483647;
			files = (
				CC6E3B101AABFC57001D6277 /* InfoPlist.strings in Resources */,
			);
			runOnlyForDeploymentPostprocessing = 0;
		};
/* End PBXResourcesBuildPhase section */

/* Begin PBXSourcesBuildPhase section */
		CC6E3ADF1AABFC57001D6277 /* Sources */ = {
			isa = PBXSourcesBuildPhase;
			buildActionMask = 2147483647;
			files = (
				CC6E3B201AABFD5E001D6277 /* QYViewB.m in Sources */,
				CC6E3AF71AABFC57001D6277 /* QYAppDelegate.m in Sources */,
				CC6E3AF31AABFC57001D6277 /* main.m in Sources */,
				CC6E3B261AABFD79001D6277 /* QYViewD.m in Sources */,
				CC6E3B2C1AABFED2001D6277 /* QYApplication.m in Sources */,
				CC6E3B1D1AABFD3A001D6277 /* QYViewA.m in Sources */,
				CC6E3B231AABFD73001D6277 /* QYViewC.m in Sources */,
				CC6E3B291AABFD81001D6277 /* QYViewE.m in Sources */,
				CC6E3AFD1AABFC57001D6277 /* QYViewController.m in Sources */,
			);
			runOnlyForDeploymentPostprocessing = 0;
		};
		CC6E3B001AABFC57001D6277 /* Sources */ = {
			isa = PBXSourcesBuildPhase;
			buildActionMask = 2147483647;
			files = (
				CC6E3B121AABFC57001D6277 /* TouchDemoTests.m in Sources */,
			);
			runOnlyForDeploymentPostprocessing = 0;
		};
/* End PBXSourcesBuildPhase section */

/* Begin PBXTargetDependency section */
		CC6E3B0A1AABFC57001D6277 /* PBXTargetDependency */ = {
			isa = PBXTargetDependency;
			target = CC6E3AE21AABFC57001D6277 /* TouchDemo */;
			targetProxy = CC6E3B091AABFC57001D6277 /* PBXContainerItemProxy */;
		};
/* End PBXTargetDependency section */

/* Begin PBXVariantGroup section */
		CC6E3AEF1AABFC57001D6277 /* InfoPlist.strings */ = {
			isa = PBXVariantGroup;
			children = (
				CC6E3AF01AABFC57001D6277 /* en */,
			);
			name = InfoPlist.strings;
			sourceTree = "<group>";
		};
		CC6E3AF81AABFC57001D6277 /* Main.storyboard */ = {
			isa = PBXVariantGroup;
			children = (
				CC6E3AF91AABFC57001D6277 /* Base */,
			);
			name = Main.storyboard;
			sourceTree = "<group>";
		};
		CC6E3B0E1AABFC57001D6277 /* InfoPlist.strings */ = {
			isa = PBXVariantGroup;
			children = (
				CC6E3B0F1AABFC57001D6277 /* en */,
			);
			name = InfoPlist.strings;
			sourceTree = "<group>";
		};
/* End PBXVariantGroup section */

/* Begin XCBuildConfiguration section */
		CC6E3B131AABFC57001D6277 /* Debug */ = {
			isa = XCBuildConfiguration;
			buildSettings = {
				ALWAYS_SEARCH_USER_PATHS = NO;
				CLANG_CXX_LANGUAGE_STANDARD = "gnu++0x";
				CLANG_CXX_LIBRARY = "libc++";
				CLANG_ENABLE_MODULES = YES;
				CLANG_ENABLE_OBJC_ARC = YES;
				CLANG_WARN_BOOL_CONVERSION = YES;
				CLANG_WARN_CONSTANT_CONVERSION = YES;
				CLANG_WARN_DIRECT_OBJC_ISA_USAGE = YES_ERROR;
				CLANG_WARN_EMPTY_BODY = YES;
				CLANG_WARN_ENUM_CONVERSION = YES;
				CLANG_WARN_INT_CONVERSION = YES;
				CLANG_WARN_OBJC_ROOT_CLASS = YES_ERROR;
				CLANG_WARN__DUPLICATE_METHOD_MATCH = YES;
				"CODE_SIGN_IDENTITY[sdk=iphoneos*]" = "iPhone Developer";
				COPY_PHASE_STRIP = NO;
				GCC_C_LANGUAGE_STANDARD = gnu99;
				GCC_DYNAMIC_NO_PIC = NO;
				GCC_OPTIMIZATION_LEVEL = 0;
				GCC_PREPROCESSOR_DEFINITIONS = (
					"DEBUG=1",
					"$(inherited)",
				);
				GCC_SYMBOLS_PRIVATE_EXTERN = NO;
				GCC_WARN_64_TO_32_BIT_CONVERSION = YES;
				GCC_WARN_ABOUT_RETURN_TYPE = YES_ERROR;
				GCC_WARN_UNDECLARED_SELECTOR = YES;
				GCC_WARN_UNINITIALIZED_AUTOS = YES_AGGRESSIVE;
				GCC_WARN_UNUSED_FUNCTION = YES;
				GCC_WARN_UNUSED_VARIABLE = YES;
				IPHONEOS_DEPLOYMENT_TARGET = 7.1;
				ONLY_ACTIVE_ARCH = YES;
				SDKROOT = iphoneos;
			};
			name = Debug;
		};
		CC6E3B141AABFC57001D6277 /* Release */ = {
			isa = XCBuildConfiguration;
			buildSettings = {
				ALWAYS_SEARCH_USER_PATHS = NO;
				CLANG_CXX_LANGUAGE_STANDARD = "gnu++0x";
				CLANG_CXX_LIBRARY = "libc++";
				CLANG_ENABLE_MODULES = YES;
				CLANG_ENABLE_OBJC_ARC = YES;
				CLANG_WARN_BOOL_CONVERSION = YES;
				CLANG_WARN_CONSTANT_CONVERSION = YES;
				CLANG_WARN_DIRECT_OBJC_ISA_USAGE = YES_ERROR;
				CLANG_WARN_EMPTY_BODY = YES;
				CLANG_WARN_ENUM_CONVERSION = YES;
				CLANG_WARN_INT_CONVERSION = YES;
				CLANG_WARN_OBJC_ROOT_CLASS = YES_ERROR;
				CLANG_WARN__DUPLICATE_METHOD_MATCH = YES;
				"CODE_SIGN_IDENTITY[sdk=iphoneos*]" = "iPhone Developer";
				COPY_PHASE_STRIP = YES;
				ENABLE_NS_ASSERTIONS = NO;
				GCC_C_LANGUAGE_STANDARD = gnu99;
				GCC_WARN_64_TO_32_BIT_CONVERSION = YES;
				GCC_WARN_ABOUT_RETURN_TYPE = YES_ERROR;
				GCC_WARN_UNDECLARED_SELECTOR = YES;
				GCC_WARN_UNINITIALIZED_AUTOS = YES_AGGRESSIVE;
				GCC_WARN_UNUSED_FUNCTION = YES;
				GCC_WARN_UNUSED_VARIABLE = YES;
				IPHONEOS_DEPLOYMENT_TARGET = 7.1;
				SDKROOT = iphoneos;
				VALIDATE_PRODUCT = YES;
			};
			name = Release;
		};
		CC6E3B161AABFC57001D6277 /* Debug */ = {
			isa = XCBuildConfiguration;
			buildSettings = {
				ASSETCATALOG_COMPILER_APPICON_NAME = AppIcon;
				ASSETCATALOG_COMPILER_LAUNCHIMAGE_NAME = LaunchImage;
				GCC_PRECOMPILE_PREFIX_HEADER = YES;
				GCC_PREFIX_HEADER = "TouchDemo/TouchDemo-Prefix.pch";
				INFOPLIST_FILE = "TouchDemo/TouchDemo-Info.plist";
				PRODUCT_NAME = "$(TARGET_NAME)";
				WRAPPER_EXTENSION = app;
			};
			name = Debug;
		};
		CC6E3B171AABFC57001D6277 /* Release */ = {
			isa = XCBuildConfiguration;
			buildSettings = {
				ASSETCATALOG_COMPILER_APPICON_NAME = AppIcon;
				ASSETCATALOG_COMPILER_LAUNCHIMAGE_NAME = LaunchImage;
				GCC_PRECOMPILE_PREFIX_HEADER = YES;
				GCC_PREFIX_HEADER = "TouchDemo/TouchDemo-Prefix.pch";
				INFOPLIST_FILE = "TouchDemo/TouchDemo-Info.plist";
				PRODUCT_NAME = "$(TARGET_NAME)";
				WRAPPER_EXTENSION = app;
			};
			name = Release;
		};
		CC6E3B191AABFC57001D6277 /* Debug */ = {
			isa = XCBuildConfiguration;
			buildSettings = {
				BUNDLE_LOADER = "$(BUILT_PRODUCTS_DIR)/TouchDemo.app/TouchDemo";
				FRAMEWORK_SEARCH_PATHS = (
					"$(SDKROOT)/Developer/Library/Frameworks",
					"$(inherited)",
					"$(DEVELOPER_FRAMEWORKS_DIR)",
				);
				GCC_PRECOMPILE_PREFIX_HEADER = YES;
				GCC_PREFIX_HEADER = "TouchDemo/TouchDemo-Prefix.pch";
				GCC_PREPROCESSOR_DEFINITIONS = (
					"DEBUG=1",
					"$(inherited)",
				);
				INFOPLIST_FILE = "TouchDemoTests/TouchDemoTests-Info.plist";
				PRODUCT_NAME = "$(TARGET_NAME)";
				TEST_HOST = "$(BUNDLE_LOADER)";
				WRAPPER_EXTENSION = xctest;
			};
			name = Debug;
		};
		CC6E3B1A1AABFC57001D6277 /* Release */ = {
			isa = XCBuildConfiguration;
			buildSettings = {
				BUNDLE_LOADER = "$(BUILT_PRODUCTS_DIR)/TouchDemo.app/TouchDemo";
				FRAMEWORK_SEARCH_PATHS = (
					"$(SDKROOT)/Developer/Library/Frameworks",
					"$(inherited)",
					"$(DEVELOPER_FRAMEWORKS_DIR)",
				);
				GCC_PRECOMPILE_PREFIX_HEADER = YES;
				GCC_PREFIX_HEADER = "TouchDemo/TouchDemo-Prefix.pch";
				INFOPLIST_FILE = "TouchDemoTests/TouchDemoTests-Info.plist";
				PRODUCT_NAME = "$(TARGET_NAME)";
				TEST_HOST = "$(BUNDLE_LOADER)";
				WRAPPER_EXTENSION = xctest;
			};
			name = Release;
		};
/* End XCBuildConfiguration section */

/* Begin XCConfigurationList section */
		CC6E3ADE1AABFC57001D6277 /* Build configuration list for PBXProject "TouchDemo" */ = {
			isa = XCConfigurationList;
			buildConfigurations = (
				CC6E3B131AABFC57001D6277 /* Debug */,
				CC6E3B141AABFC57001D6277 /* Release */,
			);
			defaultConfigurationIsVisible = 0;
			defaultConfigurationName = Release;
		};
		CC6E3B151AABFC57001D6277 /* Build configuration list for PBXNativeTarget "TouchDemo" */ = {
			isa = XCConfigurationList;
			buildConfigurations = (
				CC6E3B161AABFC57001D6277 /* Debug */,
				CC6E3B171AABFC57001D6277 /* Release */,
			);
			defaultConfigurationIsVisible = 0;
			defaultConfigurationName = Release;
		};
		CC6E3B181AABFC57001D6277 /* Build configuration list for PBXNativeTarget "TouchDemoTests" */ = {
			isa = XCConfigurationList;
			buildConfigurations = (
				CC6E3B191AABFC57001D6277 /* Debug */,
				CC6E3B1A1AABFC57001D6277 /* Release */,
			);
			defaultConfigurationIsVisible = 0;
			defaultConfigurationName = Release;
		};
/* End XCConfigurationList section */
	};
	rootObject = CC6E3ADB1AABFC57001D6277 /* Project object */;
}
